
Microsoft Visual Studio Solution File, Format Version 12.00
# Visual Studio Version 17
VisualStudioVersion = 17.10.34804.81
MinimumVisualStudioVersion = 10.0.40219.1
Project("{FAE04EC0-301F-11D3-BF4B-00C04F79EFBC}") = "MvcMovie", "J:\MvcMovie\MvcMovie\MvcMovie.csproj", "{A40EC36D-551A-468B-9A13-4BA41F260297}"
EndProject
Global
	GlobalSection(SolutionConfigurationPlatforms) = preSolution
		Debug|Any CPU = Debug|Any CPU
		Release|Any CPU = Release|Any CPU
	EndGlobalSection
	GlobalSection(ProjectConfigurationPlatforms) = postSolution
		{A40EC36D-551A-468B-9A13-4BA41F260297}.Debug|Any CPU.ActiveCfg = Debug|Any CPU
		{A40EC36D-551A-468B-9A13-4BA41F260297}.Debug|Any CPU.Build.0 = Debug|Any CPU
		{A40EC36D-551A-468B-9A13-4BA41F260297}.Release|Any CPU.ActiveCfg = Release|Any CPU
		{A40EC36D-551A-468B-9A13-4BA41F260297}.Release|Any CPU.Build.0 = Release|Any CPU
	EndGlobalSection
	GlobalSection(SolutionProperties) = preSolution
		HideSolutionNode = FALSE
	EndGlobalSection
	GlobalSection(ExtensibilityGlobals) = postSolution
		SolutionGuid = {561491D2-0BCC-4674-865E-C29084842A3B}
	EndGlobalSection
EndGlobal
